
Microsoft Visual Studio Solution File, Format Version 12.00
# Visual Studio Version 16
VisualStudioVersion = 16.0.29001.49
MinimumVisualStudioVersion = 10.0.40219.1
Project("{FAE04EC0-301F-11D3-BF4B-00C04F79EFBC}") = "FDPhoneRecognition", "FDPhoneRecognition\FDPhoneRecognition.csproj", "{398C7E74-A7C0-4142-8615-2ED365BE07B7}"
EndProject
Project("{FAE04EC0-301F-11D3-BF4B-00C04F79EFBC}") = "TCPClient", "TCPClient\TCPClient.csproj", "{1554DB04-73B4-4298-A403-5835574E8995}"
EndProject
Project("{FAE04EC0-301F-11D3-BF4B-00C04F79EFBC}") = "WriteToMemory", "WriteToMemory\WriteToMemory.csproj", "{7108EABA-1B70-4357-9517-EB052F5ABAFC}"
EndProject
Global
	GlobalSection(SolutionConfigurationPlatforms) = preSolution
		Debug|Any CPU = Debug|Any CPU
		Release|Any CPU = Release|Any CPU
	EndGlobalSection
	GlobalSection(ProjectConfigurationPlatforms) = postSolution
		{398C7E74-A7C0-4142-8615-2ED365BE07B7}.Debug|Any CPU.ActiveCfg = Debug|Any CPU
		{398C7E74-A7C0-4142-8615-2ED365BE07B7}.Debug|Any CPU.Build.0 = Debug|Any CPU
		{398C7E74-A7C0-4142-8615-2ED365BE07B7}.Release|Any CPU.ActiveCfg = Release|Any CPU
		{398C7E74-A7C0-4142-8615-2ED365BE07B7}.Release|Any CPU.Build.0 = Release|Any CPU
		{1554DB04-73B4-4298-A403-5835574E8995}.Debug|Any CPU.ActiveCfg = Debug|Any CPU
		{1554DB04-73B4-4298-A403-5835574E8995}.Debug|Any CPU.Build.0 = Debug|Any CPU
		{1554DB04-73B4-4298-A403-5835574E8995}.Release|Any CPU.ActiveCfg = Release|Any CPU
		{1554DB04-73B4-4298-A403-5835574E8995}.Release|Any CPU.Build.0 = Release|Any CPU
		{7108EABA-1B70-4357-9517-EB052F5ABAFC}.Debug|Any CPU.ActiveCfg = Debug|Any CPU
		{7108EABA-1B70-4357-9517-EB052F5ABAFC}.Debug|Any CPU.Build.0 = Debug|Any CPU
		{7108EABA-1B70-4357-9517-EB052F5ABAFC}.Release|Any CPU.ActiveCfg = Release|Any CPU
		{7108EABA-1B70-4357-9517-EB052F5ABAFC}.Release|Any CPU.Build.0 = Release|Any CPU
	EndGlobalSection
	GlobalSection(SolutionProperties) = preSolution
		HideSolutionNode = FALSE
	EndGlobalSection
	GlobalSection(ExtensibilityGlobals) = postSolution
		SolutionGuid = {520C89D8-BCE2-47D0-BD69-4FCA50B10872}
	EndGlobalSection
EndGlobal
